
Microsoft Visual Studio Solution File, Format Version 12.00
# Visual Studio Version 17
VisualStudioVersion = 17.2.32630.192
MinimumVisualStudioVersion = 10.0.40219.1
Project("{FAE04EC0-301F-11D3-BF4B-00C04F79EFBC}") = "PNachrichten", "PNachrichten\PNachrichten.csproj", "{FAEF3BAD-57D4-4DAF-BF5F-FFDC23FB1EC7}"
EndProject
Project("{FAE04EC0-301F-11D3-BF4B-00C04F79EFBC}") = "Textauswertung", "Textauswertung\Textauswertung.csproj", "{61C8AFB3-B23A-44CD-BA88-23A2FEAA2ED1}"
EndProject
Project("{FAE04EC0-301F-11D3-BF4B-00C04F79EFBC}") = "xxxaltP2Aufbereiten", "PAufbereiten\xxxaltP2Aufbereiten.csproj", "{4835BC49-F985-49D4-B138-DAA7EF73C875}"
	ProjectSection(ProjectDependencies) = postProject
		{61C8AFB3-B23A-44CD-BA88-23A2FEAA2ED1} = {61C8AFB3-B23A-44CD-BA88-23A2FEAA2ED1}
	EndProjectSection
EndProject
Project("{FAE04EC0-301F-11D3-BF4B-00C04F79EFBC}") = "PTest", "PTest\PTest.csproj", "{FCCB81CA-3FD1-4804-A7D0-72688219CB58}"
EndProject
Project("{FAE04EC0-301F-11D3-BF4B-00C04F79EFBC}") = "P13Sätze", "PSätze\P13Sätze.csproj", "{C9AAED85-5963-45BE-8390-9D20272F8DF1}"
EndProject
Project("{FAE04EC0-301F-11D3-BF4B-00C04F79EFBC}") = "PStatistik", "Statistik\PStatistik.csproj", "{BA6FD8DE-CBB9-44A0-A387-132234329924}"
EndProject
Project("{FAE04EC0-301F-11D3-BF4B-00C04F79EFBC}") = "PSKlassi", "PSSortieren\PSKlassi.csproj", "{4F58F7BF-CD53-443C-81E9-9A10F7914524}"
EndProject
Project("{888888A0-9F3D-457C-B088-3A5042F75D52}") = "RSSDB2Einlesen", "RSSDB2Einlesen\RSSDB2Einlesen.pyproj", "{A98A3A52-60A9-4F09-ABE3-A3764C8E1F10}"
EndProject
Project("{FAE04EC0-301F-11D3-BF4B-00C04F79EFBC}") = "P0Abrufen", "PnurAbrufen\P0Abrufen.csproj", "{548F725F-CAF4-4C62-AD2F-B4E58866F7F3}"
EndProject
Project("{FAE04EC0-301F-11D3-BF4B-00C04F79EFBC}") = "xxAltP1Meldungen", "P1Meldungen\xxAltP1Meldungen.csproj", "{097E6C42-4D93-4DD2-9E7D-89BE9DA46937}"
EndProject
Project("{FAE04EC0-301F-11D3-BF4B-00C04F79EFBC}") = "P2Eintragen", "P2Eintragen\P2Eintragen.csproj", "{A89CB0D7-EC81-406F-8E8A-93A35D777A8D}"
EndProject
Project("{FAE04EC0-301F-11D3-BF4B-00C04F79EFBC}") = "P3Woerter", "P3Woerter\P3Woerter.csproj", "{9964FC66-F366-4A09-8E3B-AADAFDA179DD}"
EndProject
Project("{FAE04EC0-301F-11D3-BF4B-00C04F79EFBC}") = "P9Wartung", "P9Wartung\P9Wartung.csproj", "{4287CB87-7854-4369-8020-D58D42EE279C}"
EndProject
Project("{FAE04EC0-301F-11D3-BF4B-00C04F79EFBC}") = "MMIAudio", "..\MMI\MMIAudio\MMIAudio.csproj", "{AC11E3A9-A032-4BB5-9E2C-3A47B606006C}"
EndProject
Project("{FAE04EC0-301F-11D3-BF4B-00C04F79EFBC}") = "P4Entropie", "P4Entropie\P4Entropie.csproj", "{23D5063D-C3D5-44B6-BAFC-002A6E37D4AD}"
EndProject
Project("{FAE04EC0-301F-11D3-BF4B-00C04F79EFBC}") = "MldHilfe", "MldHilfe\MldHilfe.csproj", "{27CC58FA-8E31-48A5-A595-B4F03D1BDC0D}"
EndProject
Project("{FAE04EC0-301F-11D3-BF4B-00C04F79EFBC}") = "XmlHilfe", "XmlHilfe\XmlHilfe.csproj", "{0ED0E89C-A558-48D2-B414-68B9BF5B3D39}"
EndProject
Project("{FAE04EC0-301F-11D3-BF4B-00C04F79EFBC}") = "MySQLHilfe", "MySQLHilfe\MySQLHilfe.csproj", "{ACF73D6A-D845-4B65-8E3D-BF1A488CFAA4}"
EndProject
Project("{FAE04EC0-301F-11D3-BF4B-00C04F79EFBC}") = "P91MldStatistik", "P91MldStatistik\P91MldStatistik.csproj", "{73049D7D-BA5B-4FAD-BA6E-E8954AB92B7D}"
EndProject
Project("{FAE04EC0-301F-11D3-BF4B-00C04F79EFBC}") = "P41neuWörter", "P41neuWörter\P41neuWörter.csproj", "{C92CB252-9DB4-4C16-BA71-FB2DCB4830FE}"
EndProject
Project("{FAE04EC0-301F-11D3-BF4B-00C04F79EFBC}") = "P31WörterZählen", "P31WörterZählen\P31WörterZählen.csproj", "{52C53A66-0EA4-4D20-B2AA-619C70FF2E79}"
EndProject
Project("{FAE04EC0-301F-11D3-BF4B-00C04F79EFBC}") = "P45WörterVergleichen", "P45WörterVergleichen\P45WörterVergleichen.csproj", "{CC35A879-8ED3-43E5-97C2-F183F711E7AB}"
EndProject
Project("{FAE04EC0-301F-11D3-BF4B-00C04F79EFBC}") = "P46MldWählen", "P46MldWählen\P46MldWählen.csproj", "{286C7790-74AC-4B89-A64F-A17CB0189B59}"
EndProject
Project("{FAE04EC0-301F-11D3-BF4B-00C04F79EFBC}") = "test", "test\test.csproj", "{821D7E0C-7B47-46DA-9E05-A3B03F920E46}"
EndProject
Project("{FAE04EC0-301F-11D3-BF4B-00C04F79EFBC}") = "P48WichtigeMld", "P48WichtigeMld\P48WichtigeMld.csproj", "{7B0CA0DD-AC26-485F-B8BE-1E2334D6FD84}"
EndProject
Project("{FAE04EC0-301F-11D3-BF4B-00C04F79EFBC}") = "xxAltP99Wartung", "P99Wartung\xxAltP99Wartung.csproj", "{E73C053F-296A-4122-9CD3-C9713C3F3E14}"
EndProject
Project("{FAE04EC0-301F-11D3-BF4B-00C04F79EFBC}") = "P21Stop", "P21Stop\P21Stop.csproj", "{2B4DF351-6B02-45F3-AF8A-E089CACD2C58}"
EndProject
Global
	GlobalSection(SolutionConfigurationPlatforms) = preSolution
		Debug|Any CPU = Debug|Any CPU
		Debug|x64 = Debug|x64
		Release|Any CPU = Release|Any CPU
		Release|x64 = Release|x64
	EndGlobalSection
	GlobalSection(ProjectConfigurationPlatforms) = postSolution
		{FAEF3BAD-57D4-4DAF-BF5F-FFDC23FB1EC7}.Debug|Any CPU.ActiveCfg = Debug|Any CPU
		{FAEF3BAD-57D4-4DAF-BF5F-FFDC23FB1EC7}.Debug|Any CPU.Build.0 = Debug|Any CPU
		{FAEF3BAD-57D4-4DAF-BF5F-FFDC23FB1EC7}.Debug|x64.ActiveCfg = Debug|Any CPU
		{FAEF3BAD-57D4-4DAF-BF5F-FFDC23FB1EC7}.Release|Any CPU.ActiveCfg = Release|Any CPU
		{FAEF3BAD-57D4-4DAF-BF5F-FFDC23FB1EC7}.Release|Any CPU.Build.0 = Release|Any CPU
		{FAEF3BAD-57D4-4DAF-BF5F-FFDC23FB1EC7}.Release|x64.ActiveCfg = Release|Any CPU
		{61C8AFB3-B23A-44CD-BA88-23A2FEAA2ED1}.Debug|Any CPU.ActiveCfg = Debug|Any CPU
		{61C8AFB3-B23A-44CD-BA88-23A2FEAA2ED1}.Debug|Any CPU.Build.0 = Debug|Any CPU
		{61C8AFB3-B23A-44CD-BA88-23A2FEAA2ED1}.Debug|x64.ActiveCfg = Debug|Any CPU
		{61C8AFB3-B23A-44CD-BA88-23A2FEAA2ED1}.Debug|x64.Build.0 = Debug|Any CPU
		{61C8AFB3-B23A-44CD-BA88-23A2FEAA2ED1}.Release|Any CPU.ActiveCfg = Release|Any CPU
		{61C8AFB3-B23A-44CD-BA88-23A2FEAA2ED1}.Release|Any CPU.Build.0 = Release|Any CPU
		{61C8AFB3-B23A-44CD-BA88-23A2FEAA2ED1}.Release|x64.ActiveCfg = Release|Any CPU
		{61C8AFB3-B23A-44CD-BA88-23A2FEAA2ED1}.Release|x64.Build.0 = Release|Any CPU
		{4835BC49-F985-49D4-B138-DAA7EF73C875}.Debug|Any CPU.ActiveCfg = Debug|Any CPU
		{4835BC49-F985-49D4-B138-DAA7EF73C875}.Debug|Any CPU.Build.0 = Debug|Any CPU
		{4835BC49-F985-49D4-B138-DAA7EF73C875}.Debug|x64.ActiveCfg = Debug|Any CPU
		{4835BC49-F985-49D4-B138-DAA7EF73C875}.Debug|x64.Build.0 = Debug|Any CPU
		{4835BC49-F985-49D4-B138-DAA7EF73C875}.Release|Any CPU.ActiveCfg = Release|Any CPU
		{4835BC49-F985-49D4-B138-DAA7EF73C875}.Release|Any CPU.Build.0 = Release|Any CPU
		{4835BC49-F985-49D4-B138-DAA7EF73C875}.Release|x64.ActiveCfg = Release|Any CPU
		{4835BC49-F985-49D4-B138-DAA7EF73C875}.Release|x64.Build.0 = Release|Any CPU
		{FCCB81CA-3FD1-4804-A7D0-72688219CB58}.Debug|Any CPU.ActiveCfg = Debug|Any CPU
		{FCCB81CA-3FD1-4804-A7D0-72688219CB58}.Debug|Any CPU.Build.0 = Debug|Any CPU
		{FCCB81CA-3FD1-4804-A7D0-72688219CB58}.Debug|x64.ActiveCfg = Debug|x64
		{FCCB81CA-3FD1-4804-A7D0-72688219CB58}.Debug|x64.Build.0 = Debug|x64
		{FCCB81CA-3FD1-4804-A7D0-72688219CB58}.Release|Any CPU.ActiveCfg = Release|Any CPU
		{FCCB81CA-3FD1-4804-A7D0-72688219CB58}.Release|Any CPU.Build.0 = Release|Any CPU
		{FCCB81CA-3FD1-4804-A7D0-72688219CB58}.Release|x64.ActiveCfg = Release|x64
		{FCCB81CA-3FD1-4804-A7D0-72688219CB58}.Release|x64.Build.0 = Release|x64
		{C9AAED85-5963-45BE-8390-9D20272F8DF1}.Debug|Any CPU.ActiveCfg = Debug|Any CPU
		{C9AAED85-5963-45BE-8390-9D20272F8DF1}.Debug|Any CPU.Build.0 = Debug|Any CPU
		{C9AAED85-5963-45BE-8390-9D20272F8DF1}.Debug|x64.ActiveCfg = Debug|Any CPU
		{C9AAED85-5963-45BE-8390-9D20272F8DF1}.Debug|x64.Build.0 = Debug|Any CPU
		{C9AAED85-5963-45BE-8390-9D20272F8DF1}.Release|Any CPU.ActiveCfg = Release|Any CPU
		{C9AAED85-5963-45BE-8390-9D20272F8DF1}.Release|Any CPU.Build.0 = Release|Any CPU
		{C9AAED85-5963-45BE-8390-9D20272F8DF1}.Release|x64.ActiveCfg = Release|Any CPU
		{C9AAED85-5963-45BE-8390-9D20272F8DF1}.Release|x64.Build.0 = Release|Any CPU
		{BA6FD8DE-CBB9-44A0-A387-132234329924}.Debug|Any CPU.ActiveCfg = Debug|Any CPU
		{BA6FD8DE-CBB9-44A0-A387-132234329924}.Debug|Any CPU.Build.0 = Debug|Any CPU
		{BA6FD8DE-CBB9-44A0-A387-132234329924}.Debug|x64.ActiveCfg = Debug|Any CPU
		{BA6FD8DE-CBB9-44A0-A387-132234329924}.Debug|x64.Build.0 = Debug|Any CPU
		{BA6FD8DE-CBB9-44A0-A387-132234329924}.Release|Any CPU.ActiveCfg = Release|Any CPU
		{BA6FD8DE-CBB9-44A0-A387-132234329924}.Release|Any CPU.Build.0 = Release|Any CPU
		{BA6FD8DE-CBB9-44A0-A387-132234329924}.Release|x64.ActiveCfg = Release|Any CPU
		{BA6FD8DE-CBB9-44A0-A387-132234329924}.Release|x64.Build.0 = Release|Any CPU
		{4F58F7BF-CD53-443C-81E9-9A10F7914524}.Debug|Any CPU.ActiveCfg = Debug|Any CPU
		{4F58F7BF-CD53-443C-81E9-9A10F7914524}.Debug|Any CPU.Build.0 = Debug|Any CPU
		{4F58F7BF-CD53-443C-81E9-9A10F7914524}.Debug|x64.ActiveCfg = Debug|Any CPU
		{4F58F7BF-CD53-443C-81E9-9A10F7914524}.Debug|x64.Build.0 = Debug|Any CPU
		{4F58F7BF-CD53-443C-81E9-9A10F7914524}.Release|Any CPU.ActiveCfg = Release|Any CPU
		{4F58F7BF-CD53-443C-81E9-9A10F7914524}.Release|Any CPU.Build.0 = Release|Any CPU
		{4F58F7BF-CD53-443C-81E9-9A10F7914524}.Release|x64.ActiveCfg = Release|Any CPU
		{4F58F7BF-CD53-443C-81E9-9A10F7914524}.Release|x64.Build.0 = Release|Any CPU
		{A98A3A52-60A9-4F09-ABE3-A3764C8E1F10}.Debug|Any CPU.ActiveCfg = Debug|Any CPU
		{A98A3A52-60A9-4F09-ABE3-A3764C8E1F10}.Debug|x64.ActiveCfg = Debug|Any CPU
		{A98A3A52-60A9-4F09-ABE3-A3764C8E1F10}.Release|Any CPU.ActiveCfg = Release|Any CPU
		{A98A3A52-60A9-4F09-ABE3-A3764C8E1F10}.Release|x64.ActiveCfg = Release|Any CPU
		{548F725F-CAF4-4C62-AD2F-B4E58866F7F3}.Debug|Any CPU.ActiveCfg = Debug|Any CPU
		{548F725F-CAF4-4C62-AD2F-B4E58866F7F3}.Debug|Any CPU.Build.0 = Debug|Any CPU
		{548F725F-CAF4-4C62-AD2F-B4E58866F7F3}.Debug|x64.ActiveCfg = Debug|Any CPU
		{548F725F-CAF4-4C62-AD2F-B4E58866F7F3}.Debug|x64.Build.0 = Debug|Any CPU
		{548F725F-CAF4-4C62-AD2F-B4E58866F7F3}.Release|Any CPU.ActiveCfg = Release|Any CPU
		{548F725F-CAF4-4C62-AD2F-B4E58866F7F3}.Release|Any CPU.Build.0 = Release|Any CPU
		{548F725F-CAF4-4C62-AD2F-B4E58866F7F3}.Release|x64.ActiveCfg = Release|Any CPU
		{548F725F-CAF4-4C62-AD2F-B4E58866F7F3}.Release|x64.Build.0 = Release|Any CPU
		{097E6C42-4D93-4DD2-9E7D-89BE9DA46937}.Debug|Any CPU.ActiveCfg = Debug|Any CPU
		{097E6C42-4D93-4DD2-9E7D-89BE9DA46937}.Debug|Any CPU.Build.0 = Debug|Any CPU
		{097E6C42-4D93-4DD2-9E7D-89BE9DA46937}.Debug|x64.ActiveCfg = Debug|Any CPU
		{097E6C42-4D93-4DD2-9E7D-89BE9DA46937}.Debug|x64.Build.0 = Debug|Any CPU
		{097E6C42-4D93-4DD2-9E7D-89BE9DA46937}.Release|Any CPU.ActiveCfg = Release|Any CPU
		{097E6C42-4D93-4DD2-9E7D-89BE9DA46937}.Release|Any CPU.Build.0 = Release|Any CPU
		{097E6C42-4D93-4DD2-9E7D-89BE9DA46937}.Release|x64.ActiveCfg = Release|Any CPU
		{097E6C42-4D93-4DD2-9E7D-89BE9DA46937}.Release|x64.Build.0 = Release|Any CPU
		{A89CB0D7-EC81-406F-8E8A-93A35D777A8D}.Debug|Any CPU.ActiveCfg = Debug|Any CPU
		{A89CB0D7-EC81-406F-8E8A-93A35D777A8D}.Debug|Any CPU.Build.0 = Debug|Any CPU
		{A89CB0D7-EC81-406F-8E8A-93A35D777A8D}.Debug|x64.ActiveCfg = Debug|Any CPU
		{A89CB0D7-EC81-406F-8E8A-93A35D777A8D}.Debug|x64.Build.0 = Debug|Any CPU
		{A89CB0D7-EC81-406F-8E8A-93A35D777A8D}.Release|Any CPU.ActiveCfg = Release|Any CPU
		{A89CB0D7-EC81-406F-8E8A-93A35D777A8D}.Release|Any CPU.Build.0 = Release|Any CPU
		{A89CB0D7-EC81-406F-8E8A-93A35D777A8D}.Release|x64.ActiveCfg = Release|Any CPU
		{A89CB0D7-EC81-406F-8E8A-93A35D777A8D}.Release|x64.Build.0 = Release|Any CPU
		{9964FC66-F366-4A09-8E3B-AADAFDA179DD}.Debug|Any CPU.ActiveCfg = Debug|Any CPU
		{9964FC66-F366-4A09-8E3B-AADAFDA179DD}.Debug|Any CPU.Build.0 = Debug|Any CPU
		{9964FC66-F366-4A09-8E3B-AADAFDA179DD}.Debug|x64.ActiveCfg = Debug|Any CPU
		{9964FC66-F366-4A09-8E3B-AADAFDA179DD}.Debug|x64.Build.0 = Debug|Any CPU
		{9964FC66-F366-4A09-8E3B-AADAFDA179DD}.Release|Any CPU.ActiveCfg = Release|Any CPU
		{9964FC66-F366-4A09-8E3B-AADAFDA179DD}.Release|Any CPU.Build.0 = Release|Any CPU
		{9964FC66-F366-4A09-8E3B-AADAFDA179DD}.Release|x64.ActiveCfg = Release|Any CPU
		{9964FC66-F366-4A09-8E3B-AADAFDA179DD}.Release|x64.Build.0 = Release|Any CPU
		{4287CB87-7854-4369-8020-D58D42EE279C}.Debug|Any CPU.ActiveCfg = Debug|Any CPU
		{4287CB87-7854-4369-8020-D58D42EE279C}.Debug|Any CPU.Build.0 = Debug|Any CPU
		{4287CB87-7854-4369-8020-D58D42EE279C}.Debug|x64.ActiveCfg = Debug|Any CPU
		{4287CB87-7854-4369-8020-D58D42EE279C}.Debug|x64.Build.0 = Debug|Any CPU
		{4287CB87-7854-4369-8020-D58D42EE279C}.Release|Any CPU.ActiveCfg = Release|Any CPU
		{4287CB87-7854-4369-8020-D58D42EE279C}.Release|Any CPU.Build.0 = Release|Any CPU
		{4287CB87-7854-4369-8020-D58D42EE279C}.Release|x64.ActiveCfg = Release|Any CPU
		{4287CB87-7854-4369-8020-D58D42EE279C}.Release|x64.Build.0 = Release|Any CPU
		{AC11E3A9-A032-4BB5-9E2C-3A47B606006C}.Debug|Any CPU.ActiveCfg = Debug|Any CPU
		{AC11E3A9-A032-4BB5-9E2C-3A47B606006C}.Debug|Any CPU.Build.0 = Debug|Any CPU
		{AC11E3A9-A032-4BB5-9E2C-3A47B606006C}.Debug|x64.ActiveCfg = Debug|Any CPU
		{AC11E3A9-A032-4BB5-9E2C-3A47B606006C}.Debug|x64.Build.0 = Debug|Any CPU
		{AC11E3A9-A032-4BB5-9E2C-3A47B606006C}.Release|Any CPU.ActiveCfg = Release|Any CPU
		{AC11E3A9-A032-4BB5-9E2C-3A47B606006C}.Release|Any CPU.Build.0 = Release|Any CPU
		{AC11E3A9-A032-4BB5-9E2C-3A47B606006C}.Release|x64.ActiveCfg = Release|Any CPU
		{AC11E3A9-A032-4BB5-9E2C-3A47B606006C}.Release|x64.Build.0 = Release|Any CPU
		{23D5063D-C3D5-44B6-BAFC-002A6E37D4AD}.Debug|Any CPU.ActiveCfg = Debug|Any CPU
		{23D5063D-C3D5-44B6-BAFC-002A6E37D4AD}.Debug|Any CPU.Build.0 = Debug|Any CPU
		{23D5063D-C3D5-44B6-BAFC-002A6E37D4AD}.Debug|x64.ActiveCfg = Debug|Any CPU
		{23D5063D-C3D5-44B6-BAFC-002A6E37D4AD}.Debug|x64.Build.0 = Debug|Any CPU
		{23D5063D-C3D5-44B6-BAFC-002A6E37D4AD}.Release|Any CPU.ActiveCfg = Release|Any CPU
		{23D5063D-C3D5-44B6-BAFC-002A6E37D4AD}.Release|Any CPU.Build.0 = Release|Any CPU
		{23D5063D-C3D5-44B6-BAFC-002A6E37D4AD}.Release|x64.ActiveCfg = Release|Any CPU
		{23D5063D-C3D5-44B6-BAFC-002A6E37D4AD}.Release|x64.Build.0 = Release|Any CPU
		{27CC58FA-8E31-48A5-A595-B4F03D1BDC0D}.Debug|Any CPU.ActiveCfg = Debug|Any CPU
		{27CC58FA-8E31-48A5-A595-B4F03D1BDC0D}.Debug|Any CPU.Build.0 = Debug|Any CPU
		{27CC58FA-8E31-48A5-A595-B4F03D1BDC0D}.Debug|x64.ActiveCfg = Debug|Any CPU
		{27CC58FA-8E31-48A5-A595-B4F03D1BDC0D}.Debug|x64.Build.0 = Debug|Any CPU
		{27CC58FA-8E31-48A5-A595-B4F03D1BDC0D}.Release|Any CPU.ActiveCfg = Release|Any CPU
		{27CC58FA-8E31-48A5-A595-B4F03D1BDC0D}.Release|Any CPU.Build.0 = Release|Any CPU
		{27CC58FA-8E31-48A5-A595-B4F03D1BDC0D}.Release|x64.ActiveCfg = Release|Any CPU
		{27CC58FA-8E31-48A5-A595-B4F03D1BDC0D}.Release|x64.Build.0 = Release|Any CPU
		{0ED0E89C-A558-48D2-B414-68B9BF5B3D39}.Debug|Any CPU.ActiveCfg = Debug|Any CPU
		{0ED0E89C-A558-48D2-B414-68B9BF5B3D39}.Debug|Any CPU.Build.0 = Debug|Any CPU
		{0ED0E89C-A558-48D2-B414-68B9BF5B3D39}.Debug|x64.ActiveCfg = Debug|Any CPU
		{0ED0E89C-A558-48D2-B414-68B9BF5B3D39}.Debug|x64.Build.0 = Debug|Any CPU
		{0ED0E89C-A558-48D2-B414-68B9BF5B3D39}.Release|Any CPU.ActiveCfg = Release|Any CPU
		{0ED0E89C-A558-48D2-B414-68B9BF5B3D39}.Release|Any CPU.Build.0 = Release|Any CPU
		{0ED0E89C-A558-48D2-B414-68B9BF5B3D39}.Release|x64.ActiveCfg = Release|Any CPU
		{0ED0E89C-A558-48D2-B414-68B9BF5B3D39}.Release|x64.Build.0 = Release|Any CPU
		{ACF73D6A-D845-4B65-8E3D-BF1A488CFAA4}.Debug|Any CPU.ActiveCfg = Debug|Any CPU
		{ACF73D6A-D845-4B65-8E3D-BF1A488CFAA4}.Debug|Any CPU.Build.0 = Debug|Any CPU
		{ACF73D6A-D845-4B65-8E3D-BF1A488CFAA4}.Debug|x64.ActiveCfg = Debug|Any CPU
		{ACF73D6A-D845-4B65-8E3D-BF1A488CFAA4}.Debug|x64.Build.0 = Debug|Any CPU
		{ACF73D6A-D845-4B65-8E3D-BF1A488CFAA4}.Release|Any CPU.ActiveCfg = Release|Any CPU
		{ACF73D6A-D845-4B65-8E3D-BF1A488CFAA4}.Release|Any CPU.Build.0 = Release|Any CPU
		{ACF73D6A-D845-4B65-8E3D-BF1A488CFAA4}.Release|x64.ActiveCfg = Release|Any CPU
		{ACF73D6A-D845-4B65-8E3D-BF1A488CFAA4}.Release|x64.Build.0 = Release|Any CPU
		{73049D7D-BA5B-4FAD-BA6E-E8954AB92B7D}.Debug|Any CPU.ActiveCfg = Debug|Any CPU
		{73049D7D-BA5B-4FAD-BA6E-E8954AB92B7D}.Debug|Any CPU.Build.0 = Debug|Any CPU
		{73049D7D-BA5B-4FAD-BA6E-E8954AB92B7D}.Debug|x64.ActiveCfg = Debug|Any CPU
		{73049D7D-BA5B-4FAD-BA6E-E8954AB92B7D}.Debug|x64.Build.0 = Debug|Any CPU
		{73049D7D-BA5B-4FAD-BA6E-E8954AB92B7D}.Release|Any CPU.ActiveCfg = Release|Any CPU
		{73049D7D-BA5B-4FAD-BA6E-E8954AB92B7D}.Release|Any CPU.Build.0 = Release|Any CPU
		{73049D7D-BA5B-4FAD-BA6E-E8954AB92B7D}.Release|x64.ActiveCfg = Release|Any CPU
		{73049D7D-BA5B-4FAD-BA6E-E8954AB92B7D}.Release|x64.Build.0 = Release|Any CPU
		{C92CB252-9DB4-4C16-BA71-FB2DCB4830FE}.Debug|Any CPU.ActiveCfg = Debug|Any CPU
		{C92CB252-9DB4-4C16-BA71-FB2DCB4830FE}.Debug|Any CPU.Build.0 = Debug|Any CPU
		{C92CB252-9DB4-4C16-BA71-FB2DCB4830FE}.Debug|x64.ActiveCfg = Debug|Any CPU
		{C92CB252-9DB4-4C16-BA71-FB2DCB4830FE}.Debug|x64.Build.0 = Debug|Any CPU
		{C92CB252-9DB4-4C16-BA71-FB2DCB4830FE}.Release|Any CPU.ActiveCfg = Release|Any CPU
		{C92CB252-9DB4-4C16-BA71-FB2DCB4830FE}.Release|Any CPU.Build.0 = Release|Any CPU
		{C92CB252-9DB4-4C16-BA71-FB2DCB4830FE}.Release|x64.ActiveCfg = Release|Any CPU
		{C92CB252-9DB4-4C16-BA71-FB2DCB4830FE}.Release|x64.Build.0 = Release|Any CPU
		{52C53A66-0EA4-4D20-B2AA-619C70FF2E79}.Debug|Any CPU.ActiveCfg = Debug|Any CPU
		{52C53A66-0EA4-4D20-B2AA-619C70FF2E79}.Debug|Any CPU.Build.0 = Debug|Any CPU
		{52C53A66-0EA4-4D20-B2AA-619C70FF2E79}.Debug|x64.ActiveCfg = Debug|Any CPU
		{52C53A66-0EA4-4D20-B2AA-619C70FF2E79}.Debug|x64.Build.0 = Debug|Any CPU
		{52C53A66-0EA4-4D20-B2AA-619C70FF2E79}.Release|Any CPU.ActiveCfg = Release|Any CPU
		{52C53A66-0EA4-4D20-B2AA-619C70FF2E79}.Release|Any CPU.Build.0 = Release|Any CPU
		{52C53A66-0EA4-4D20-B2AA-619C70FF2E79}.Release|x64.ActiveCfg = Release|Any CPU
		{52C53A66-0EA4-4D20-B2AA-619C70FF2E79}.Release|x64.Build.0 = Release|Any CPU
		{CC35A879-8ED3-43E5-97C2-F183F711E7AB}.Debug|Any CPU.ActiveCfg = Debug|Any CPU
		{CC35A879-8ED3-43E5-97C2-F183F711E7AB}.Debug|Any CPU.Build.0 = Debug|Any CPU
		{CC35A879-8ED3-43E5-97C2-F183F711E7AB}.Debug|x64.ActiveCfg = Debug|Any CPU
		{CC35A879-8ED3-43E5-97C2-F183F711E7AB}.Debug|x64.Build.0 = Debug|Any CPU
		{CC35A879-8ED3-43E5-97C2-F183F711E7AB}.Release|Any CPU.ActiveCfg = Release|Any CPU
		{CC35A879-8ED3-43E5-97C2-F183F711E7AB}.Release|Any CPU.Build.0 = Release|Any CPU
		{CC35A879-8ED3-43E5-97C2-F183F711E7AB}.Release|x64.ActiveCfg = Release|Any CPU
		{CC35A879-8ED3-43E5-97C2-F183F711E7AB}.Release|x64.Build.0 = Release|Any CPU
		{286C7790-74AC-4B89-A64F-A17CB0189B59}.Debug|Any CPU.ActiveCfg = Debug|Any CPU
		{286C7790-74AC-4B89-A64F-A17CB0189B59}.Debug|Any CPU.Build.0 = Debug|Any CPU
		{286C7790-74AC-4B89-A64F-A17CB0189B59}.Debug|x64.ActiveCfg = Debug|Any CPU
		{286C7790-74AC-4B89-A64F-A17CB0189B59}.Debug|x64.Build.0 = Debug|Any CPU
		{286C7790-74AC-4B89-A64F-A17CB0189B59}.Release|Any CPU.ActiveCfg = Release|Any CPU
		{286C7790-74AC-4B89-A64F-A17CB0189B59}.Release|Any CPU.Build.0 = Release|Any CPU
		{286C7790-74AC-4B89-A64F-A17CB0189B59}.Release|x64.ActiveCfg = Release|Any CPU
		{286C7790-74AC-4B89-A64F-A17CB0189B59}.Release|x64.Build.0 = Release|Any CPU
		{821D7E0C-7B47-46DA-9E05-A3B03F920E46}.Debug|Any CPU.ActiveCfg = Debug|Any CPU
		{821D7E0C-7B47-46DA-9E05-A3B03F920E46}.Debug|Any CPU.Build.0 = Debug|Any CPU
		{821D7E0C-7B47-46DA-9E05-A3B03F920E46}.Debug|x64.ActiveCfg = Debug|Any CPU
		{821D7E0C-7B47-46DA-9E05-A3B03F920E46}.Debug|x64.Build.0 = Debug|Any CPU
		{821D7E0C-7B47-46DA-9E05-A3B03F920E46}.Release|Any CPU.ActiveCfg = Release|Any CPU
		{821D7E0C-7B47-46DA-9E05-A3B03F920E46}.Release|Any CPU.Build.0 = Release|Any CPU
		{821D7E0C-7B47-46DA-9E05-A3B03F920E46}.Release|x64.ActiveCfg = Release|Any CPU
		{821D7E0C-7B47-46DA-9E05-A3B03F920E46}.Release|x64.Build.0 = Release|Any CPU
		{7B0CA0DD-AC26-485F-B8BE-1E2334D6FD84}.Debug|Any CPU.ActiveCfg = Debug|Any CPU
		{7B0CA0DD-AC26-485F-B8BE-1E2334D6FD84}.Debug|Any CPU.Build.0 = Debug|Any CPU
		{7B0CA0DD-AC26-485F-B8BE-1E2334D6FD84}.Debug|x64.ActiveCfg = Debug|Any CPU
		{7B0CA0DD-AC26-485F-B8BE-1E2334D6FD84}.Debug|x64.Build.0 = Debug|Any CPU
		{7B0CA0DD-AC26-485F-B8BE-1E2334D6FD84}.Release|Any CPU.ActiveCfg = Release|Any CPU
		{7B0CA0DD-AC26-485F-B8BE-1E2334D6FD84}.Release|Any CPU.Build.0 = Release|Any CPU
		{7B0CA0DD-AC26-485F-B8BE-1E2334D6FD84}.Release|x64.ActiveCfg = Release|Any CPU
		{7B0CA0DD-AC26-485F-B8BE-1E2334D6FD84}.Release|x64.Build.0 = Release|Any CPU
		{E73C053F-296A-4122-9CD3-C9713C3F3E14}.Debug|Any CPU.ActiveCfg = Debug|Any CPU
		{E73C053F-296A-4122-9CD3-C9713C3F3E14}.Debug|Any CPU.Build.0 = Debug|Any CPU
		{E73C053F-296A-4122-9CD3-C9713C3F3E14}.Debug|x64.ActiveCfg = Debug|Any CPU
		{E73C053F-296A-4122-9CD3-C9713C3F3E14}.Debug|x64.Build.0 = Debug|Any CPU
		{E73C053F-296A-4122-9CD3-C9713C3F3E14}.Release|Any CPU.ActiveCfg = Release|Any CPU
		{E73C053F-296A-4122-9CD3-C9713C3F3E14}.Release|Any CPU.Build.0 = Release|Any CPU
		{E73C053F-296A-4122-9CD3-C9713C3F3E14}.Release|x64.ActiveCfg = Release|Any CPU
		{E73C053F-296A-4122-9CD3-C9713C3F3E14}.Release|x64.Build.0 = Release|Any CPU
		{2B4DF351-6B02-45F3-AF8A-E089CACD2C58}.Debug|Any CPU.ActiveCfg = Debug|Any CPU
		{2B4DF351-6B02-45F3-AF8A-E089CACD2C58}.Debug|Any CPU.Build.0 = Debug|Any CPU
		{2B4DF351-6B02-45F3-AF8A-E089CACD2C58}.Debug|x64.ActiveCfg = Debug|Any CPU
		{2B4DF351-6B02-45F3-AF8A-E089CACD2C58}.Debug|x64.Build.0 = Debug|Any CPU
		{2B4DF351-6B02-45F3-AF8A-E089CACD2C58}.Release|Any CPU.ActiveCfg = Release|Any CPU
		{2B4DF351-6B02-45F3-AF8A-E089CACD2C58}.Release|Any CPU.Build.0 = Release|Any CPU
		{2B4DF351-6B02-45F3-AF8A-E089CACD2C58}.Release|x64.ActiveCfg = Release|Any CPU
		{2B4DF351-6B02-45F3-AF8A-E089CACD2C58}.Release|x64.Build.0 = Release|Any CPU
	EndGlobalSection
	GlobalSection(SolutionProperties) = preSolution
		HideSolutionNode = FALSE
	EndGlobalSection
	GlobalSection(ExtensibilityGlobals) = postSolution
		SolutionGuid = {4C0B1A85-1959-4F50-B2B7-ADE6BE3ED3AA}
	EndGlobalSection
EndGlobal
